// !$*UTF8*$!
{
	archiveVersion = 1;
	classes = {
	};
	objectVersion = 50;
	objects = {

/* Begin PBXBuildFile section */
		DBE5EC4E22FC90ED0061ACDE /* AppDelegate.swift in Sources */ = {isa = PBXBuildFile; fileRef = DBE5EC4D22FC90ED0061ACDE /* AppDelegate.swift */; };
		DBE5EC5022FC90ED0061ACDE /* ViewController.swift in Sources */ = {isa = PBXBuildFile; fileRef = DBE5EC4F22FC90ED0061ACDE /* ViewController.swift */; };
		DBE5EC5322FC90ED0061ACDE /* Main.storyboard in Resources */ = {isa = PBXBuildFile; fileRef = DBE5EC5122FC90ED0061ACDE /* Main.storyboard */; };
		DBE5EC5522FC90EE0061ACDE /* Assets.xcassets in Resources */ = {isa = PBXBuildFile; fileRef = DBE5EC5422FC90EE0061ACDE /* Assets.xcassets */; };
		DBE5EC5822FC90EE0061ACDE /* LaunchScreen.storyboard in Resources */ = {isa = PBXBuildFile; fileRef = DBE5EC5622FC90EE0061ACDE /* LaunchScreen.storyboard */; };
/* End PBXBuildFile section */

/* Begin PBXFileReference section */
		DBE5EC4A22FC90ED0061ACDE /* actionskwk.app */ = {isa = PBXFileReference; explicitFileType = wrapper.application; includeInIndex = 0; path = actionskwk.app; sourceTree = BUILT_PRODUCTS_DIR; };
		DBE5EC4D22FC90ED0061ACDE /* AppDelegate.swift */ = {isa = PBXFileReference; lastKnownFileType = sourcecode.swift; path = AppDelegate.swift; sourceTree = "<group>"; };
		DBE5EC4F22FC90ED0061ACDE /* ViewController.swift */ = {isa = PBXFileReference; lastKnownFileType = sourcecode.swift; path = ViewController.swift; sourceTree = "<group>"; };
		DBE5EC5222FC90ED0061ACDE /* Base */ = {isa = PBXFileReference; lastKnownFileType = file.storyboard; name = Base; path = Base.lproj/Main.storyboard; sourceTree = "<group>"; };
		DBE5EC5422FC90EE0061ACDE /* Assets.xcassets */ = {isa = PBXFileReference; lastKnownFileType = folder.assetcatalog; path = Assets.xcassets; sourceTree = "<group>"; };
		DBE5EC5722FC90EE0061ACDE /* Base */ = {isa = PBXFileReference; lastKnownFileType = file.storyboard; name = Base; path = Base.lproj/LaunchScreen.storyboard; sourceTree = "<group>"; };
		DBE5EC5922FC90EE0061ACDE /* Info.plist */ = {isa = PBXFileReference; lastKnownFileType = text.plist.xml; path = Info.plist; sourceTree = "<group>"; };
/* End PBXFileReference section */

/* Begin PBXFrameworksBuildPhase section */
		DBE5EC4722FC90ED0061ACDE /* Frameworks */ = {
			isa = PBXFrameworksBuildPhase;
			buildActionMask = 2147483647;
			files = (
			);
			runOnlyForDeploymentPostprocessing = 0;
		};
/* End PBXFrameworksBuildPhase section */

/* Begin PBXGroup section */
		DBE5EC4122FC90ED0061ACDE = {
			isa = PBXGroup;
			children = (
				DBE5EC4C22FC90ED0061ACDE /* actionskwk */,
				DBE5EC4B22FC90ED0061ACDE /* Products */,
			);
			sourceTree = "<group>";
		};
		DBE5EC4B22FC90ED0061ACDE /* Products */ = {
			isa = PBXGroup;
			children = (
				DBE5EC4A22FC90ED0061ACDE /* actionskwk.app */,
			);
			name = Products;
			sourceTree = "<group>";
		};
		DBE5EC4C22FC90ED0061ACDE /* actionskwk */ = {
			isa = PBXGroup;
			children = (
				DBE5EC4D22FC90ED0061ACDE /* AppDelegate.swift */,
				DBE5EC4F22FC90ED0061ACDE /* ViewController.swift */,
				DBE5EC5122FC90ED0061ACDE /* Main.storyboard */,
				DBE5EC5422FC90EE0061ACDE /* Assets.xcassets */,
				DBE5EC5622FC90EE0061ACDE /* LaunchScreen.storyboard */,
				DBE5EC5922FC90EE0061ACDE /* Info.plist */,
			);
			path = actionskwk;
			sourceTree = "<group>";
		};
/* End PBXGroup section */

/* Begin PBXNativeTarget section */
		DBE5EC4922FC90ED0061ACDE /* actionskwk */ = {
			isa = PBXNativeTarget;
			buildConfigurationList = DBE5EC5C22FC90EE0061ACDE /* Build configuration list for PBXNativeTarget "actionskwk" */;
			buildPhases = (
				DBE5EC4622FC90ED0061ACDE /* Sources */,
				DBE5EC4722FC90ED0061ACDE /* Frameworks */,
				DBE5EC4822FC90ED0061ACDE /* Resources */,
			);
			buildRules = (
			);
			dependencies = (
			);
			name = actionskwk;
			productName = actionskwk;
			productReference = DBE5EC4A22FC90ED0061ACDE /* actionskwk.app */;
			productType = "com.apple.product-type.application";
		};
/* End PBXNativeTarget section */

/* Begin PBXProject section */
		DBE5EC4222FC90ED0061ACDE /* Project object */ = {
			isa = PBXProject;
			attributes = {
				LastSwiftUpdateCheck = 1010;
				LastUpgradeCheck = 1010;
				ORGANIZATIONNAME = "Sydney Brown";
				TargetAttributes = {
					DBE5EC4922FC90ED0061ACDE = {
						CreatedOnToolsVersion = 10.1;
					};
				};
			};
			buildConfigurationList = DBE5EC4522FC90ED0061ACDE /* Build configuration list for PBXProject "actionskwk" */;
			compatibilityVersion = "Xcode 9.3";
			developmentRegion = en;
			hasScannedForEncodings = 0;
			knownRegions = (
				en,
				Base,
			);
			mainGroup = DBE5EC4122FC90ED0061ACDE;
			productRefGroup = DBE5EC4B22FC90ED0061ACDE /* Products */;
			projectDirPath = "";
			projectRoot = "";
			targets = (
				DBE5EC4922FC90ED0061ACDE /* actionskwk */,
			);
		};
/* End PBXProject section */

/* Begin PBXResourcesBuildPhase section */
		DBE5EC4822FC90ED0061ACDE /* Resources */ = {
			isa = PBXResourcesBuildPhase;
			buildActionMask = 2147483647;
			files = (
				DBE5EC5822FC90EE0061ACDE /* LaunchScreen.storyboard in Resources */,
				DBE5EC5522FC90EE0061ACDE /* Assets.xcassets in Resources */,
				DBE5EC5322FC90ED0061ACDE /* Main.storyboard in Resources */,
			);
			runOnlyForDeploymentPostprocessing = 0;
		};
/* End PBXResourcesBuildPhase section */

/* Begin PBXSourcesBuildPhase section */
		DBE5EC4622FC90ED0061ACDE /* Sources */ = {
			isa = PBXSourcesBuildPhase;
			buildActionMask = 2147483647;
			files = (
				DBE5EC5022FC90ED0061ACDE /* ViewController.swift in Sources */,
				DBE5EC4E22FC90ED0061ACDE /* AppDelegate.swift in Sources */,
			);
			runOnlyForDeploymentPostprocessing = 0;
		};
/* End PBXSourcesBuildPhase section */

/* Begin PBXVariantGroup section */
		DBE5EC5122FC90ED0061ACDE /* Main.storyboard */ = {
			isa = PBXVariantGroup;
			children = (
				DBE5EC5222FC90ED0061ACDE /* Base */,
			);
			name = Main.storyboard;
			sourceTree = "<group>";
		};
		DBE5EC5622FC90EE0061ACDE /* LaunchScreen.storyboard */ = {
			isa = PBXVariantGroup;
			children = (
				DBE5EC5722FC90EE0061ACDE /* Base */,
			);
			name = LaunchScreen.storyboard;
			sourceTree = "<group>";
		};
/* End PBXVariantGroup section */

/* Begin XCBuildConfiguration section */
		DBE5EC5A22FC90EE0061ACDE /* Debug */ = {
			isa = XCBuildConfiguration;
			buildSettings = {
				ALWAYS_SEARCH_USER_PATHS = NO;
				CLANG_ANALYZER_NONNULL = YES;
				CLANG_ANALYZER_NUMBER_OBJECT_CONVERSION = YES_AGGRESSIVE;
				CLANG_CXX_LANGUAGE_STANDARD = "gnu++14";
				CLANG_CXX_LIBRARY = "libc++";
				CLANG_ENABLE_MODULES = YES;
				CLANG_ENABLE_OBJC_ARC = YES;
				CLANG_ENABLE_OBJC_WEAK = YES;
				CLANG_WARN_BLOCK_CAPTURE_AUTORELEASING = YES;
				CLANG_WARN_BOOL_CONVERSION = YES;
				CLANG_WARN_COMMA = YES;
				CLANG_WARN_CONSTANT_CONVERSION = YES;
				CLANG_WARN_DEPRECATED_OBJC_IMPLEMENTATIONS = YES;
				CLANG_WARN_DIRECT_OBJC_ISA_USAGE = YES_ERROR;
				CLANG_WARN_DOCUMENTATION_COMMENTS = YES;
				CLANG_WARN_EMPTY_BODY = YES;
				CLANG_WARN_ENUM_CONVERSION = YES;
				CLANG_WARN_INFINITE_RECURSION = YES;
				CLANG_WARN_INT_CONVERSION = YES;
				CLANG_WARN_NON_LITERAL_NULL_CONVERSION = YES;
				CLANG_WARN_OBJC_IMPLICIT_RETAIN_SELF = YES;
				CLANG_WARN_OBJC_LITERAL_CONVERSION = YES;
				CLANG_WARN_OBJC_ROOT_CLASS = YES_ERROR;
				CLANG_WARN_RANGE_LOOP_ANALYSIS = YES;
				CLANG_WARN_STRICT_PROTOTYPES = YES;
				CLANG_WARN_SUSPICIOUS_MOVE = YES;
				CLANG_WARN_UNGUARDED_AVAILABILITY = YES_AGGRESSIVE;
				CLANG_WARN_UNREACHABLE_CODE = YES;
				CLANG_WARN__DUPLICATE_METHOD_MATCH = YES;
				CODE_SIGN_IDENTITY = "iPhone Developer";
				COPY_PHASE_STRIP = NO;
				DEBUG_INFORMATION_FORMAT = dwarf;
				ENABLE_STRICT_OBJC_MSGSEND = YES;
				ENABLE_TESTABILITY = YES;
				GCC_C_LANGUAGE_STANDARD = gnu11;
				GCC_DYNAMIC_NO_PIC = NO;
				GCC_NO_COMMON_BLOCKS = YES;
				GCC_OPTIMIZATION_LEVEL = 0;
				GCC_PREPROCESSOR_DEFINITIONS = (
					"DEBUG=1",
					"$(inherited)",
				);
				GCC_WARN_64_TO_32_BIT_CONVERSION = YES;
				GCC_WARN_ABOUT_RETURN_TYPE = YES_ERROR;
				GCC_WARN_UNDECLARED_SELECTOR = YES;
				GCC_WARN_UNINITIALIZED_AUTOS = YES_AGGRESSIVE;
				GCC_WARN_UNUSED_FUNCTION = YES;
				GCC_WARN_UNUSED_VARIABLE = YES;
				IPHONEOS_DEPLOYMENT_TARGET = 12.1;
				MTL_ENABLE_DEBUG_INFO = INCLUDE_SOURCE;
				MTL_FAST_MATH = YES;
				ONLY_ACTIVE_ARCH = YES;
				SDKROOT = iphoneos;
				SWIFT_ACTIVE_COMPILATION_CONDITIONS = DEBUG;
				SWIFT_OPTIMIZATION_LEVEL = "-Onone";
			};
			name = Debug;
		};
		DBE5EC5B22FC90EE0061ACDE /* Release */ = {
			isa = XCBuildConfiguration;
			buildSettings = {
				ALWAYS_SEARCH_USER_PATHS = NO;
				CLANG_ANALYZER_NONNULL = YES;
				CLANG_ANALYZER_NUMBER_OBJECT_CONVERSION = YES_AGGRESSIVE;
				CLANG_CXX_LANGUAGE_STANDARD = "gnu++14";
				CLANG_CXX_LIBRARY = "libc++";
				CLANG_ENABLE_MODULES = YES;
				CLANG_ENABLE_OBJC_ARC = YES;
				CLANG_ENABLE_OBJC_WEAK = YES;
				CLANG_WARN_BLOCK_CAPTURE_AUTORELEASING = YES;
				CLANG_WARN_BOOL_CONVERSION = YES;
				CLANG_WARN_COMMA = YES;
				CLANG_WARN_CONSTANT_CONVERSION = YES;
				CLANG_WARN_DEPRECATED_OBJC_IMPLEMENTATIONS = YES;
				CLANG_WARN_DIRECT_OBJC_ISA_USAGE = YES_ERROR;
				CLANG_WARN_DOCUMENTATION_COMMENTS = YES;
				CLANG_WARN_EMPTY_BODY = YES;
				CLANG_WARN_ENUM_CONVERSION = YES;
				CLANG_WARN_INFINITE_RECURSION = YES;
				CLANG_WARN_INT_CONVERSION = YES;
				CLANG_WARN_NON_LITERAL_NULL_CONVERSION = YES;
				CLANG_WARN_OBJC_IMPLICIT_RETAIN_SELF = YES;
				CLANG_WARN_OBJC_LITERAL_CONVERSION = YES;
				CLANG_WARN_OBJC_ROOT_CLASS = YES_ERROR;
				CLANG_WARN_RANGE_LOOP_ANALYSIS = YES;
				CLANG_WARN_STRICT_PROTOTYPES = YES;
				CLANG_WARN_SUSPICIOUS_MOVE = YES;
				CLANG_WARN_UNGUARDED_AVAILABILITY = YES_AGGRESSIVE;
				CLANG_WARN_UNREACHABLE_CODE = YES;
				CLANG_WARN__DUPLICATE_METHOD_MATCH = YES;
				CODE_SIGN_IDENTITY = "iPhone Developer";
				COPY_PHASE_STRIP = NO;
				DEBUG_INFORMATION_FORMAT = "dwarf-with-dsym";
				ENABLE_NS_ASSERTIONS = NO;
				ENABLE_STRICT_OBJC_MSGSEND = YES;
				GCC_C_LANGUAGE_STANDARD = gnu11;
				GCC_NO_COMMON_BLOCKS = YES;
				GCC_WARN_64_TO_32_BIT_CONVERSION = YES;
				GCC_WARN_ABOUT_RETURN_TYPE = YES_ERROR;
				GCC_WARN_UNDECLARED_SELECTOR = YES;
				GCC_WARN_UNINITIALIZED_AUTOS = YES_AGGRESSIVE;
				GCC_WARN_UNUSED_FUNCTION = YES;
				GCC_WARN_UNUSED_VARIABLE = YES;
				IPHONEOS_DEPLOYMENT_TARGET = 12.1;
				MTL_ENABLE_DEBUG_INFO = NO;
				MTL_FAST_MATH = YES;
				SDKROOT = iphoneos;
				SWIFT_COMPILATION_MODE = wholemodule;
				SWIFT_OPTIMIZATION_LEVEL = "-O";
				VALIDATE_PRODUCT = YES;
			};
			name = Release;
		};
		DBE5EC5D22FC90EE0061ACDE /* Debug */ = {
			isa = XCBuildConfiguration;
			buildSettings = {
				ASSETCATALOG_COMPILER_APPICON_NAME = AppIcon;
				CODE_SIGN_STYLE = Automatic;
				INFOPLIST_FILE = actionskwk/Info.plist;
				LD_RUNPATH_SEARCH_PATHS = (
					"$(inherited)",
					"@executable_path/Frameworks",
				);
				PRODUCT_BUNDLE_IDENTIFIER = SYDNEYBROWN.actionskwk;
				PRODUCT_NAME = "$(TARGET_NAME)";
				SWIFT_VERSION = 4.2;
				TARGETED_DEVICE_FAMILY = "1,2";
			};
			name = Debug;
		};
		DBE5EC5E22FC90EE0061ACDE /* Release */ = {
			isa = XCBuildConfiguration;
			buildSettings = {
				ASSETCATALOG_COMPILER_APPICON_NAME = AppIcon;
				CODE_SIGN_STYLE = Automatic;
				INFOPLIST_FILE = actionskwk/Info.plist;
				LD_RUNPATH_SEARCH_PATHS = (
					"$(inherited)",
					"@executable_path/Frameworks",
				);
				PRODUCT_BUNDLE_IDENTIFIER = SYDNEYBROWN.actionskwk;
				PRODUCT_NAME = "$(TARGET_NAME)";
				SWIFT_VERSION = 4.2;
				TARGETED_DEVICE_FAMILY = "1,2";
			};
			name = Release;
		};
/* End XCBuildConfiguration section */

/* Begin XCConfigurationList section */
		DBE5EC4522FC90ED0061ACDE /* Build configuration list for PBXProject "actionskwk" */ = {
			isa = XCConfigurationList;
			buildConfigurations = (
				DBE5EC5A22FC90EE0061ACDE /* Debug */,
				DBE5EC5B22FC90EE0061ACDE /* Release */,
			);
			defaultConfigurationIsVisible = 0;
			defaultConfigurationName = Release;
		};
		DBE5EC5C22FC90EE0061ACDE /* Build configuration list for PBXNativeTarget "actionskwk" */ = {
			isa = XCConfigurationList;
			buildConfigurations = (
				DBE5EC5D22FC90EE0061ACDE /* Debug */,
				DBE5EC5E22FC90EE0061ACDE /* Release */,
			);
			defaultConfigurationIsVisible = 0;
			defaultConfigurationName = Release;
		};
/* End XCConfigurationList section */
	};
	rootObject = DBE5EC4222FC90ED0061ACDE /* Project object */;
}
